github.com/google/certificate-transparency-go v1.2.1 h1:4iW/NwzqOqYEEoCBEFP+jPbBXbLqMpq3CifMyOnDUME=
github.com/google/certificate-transparency-go v1.2.1/go.mod h1:bvn/ytAccv+I6+DGkqpvSsEdiVGramgaSC6RD3tEmeE=
golang.org/x/crypto v0.23.0 h1:dIJU/v2J8Mdglj/8rJ6UUOM3Zc9zLZxVZwwxMooUSAI=
golang.org/x/crypto v0.23.0/go.mod h1:CKFgDieR+mRhux2Lsu27y0fO304Db0wZe70UKqHu0v8=
golang.org/x/exp v0.0.0-20230111222715-75897c7a292a h1:/YWeLOBWYV5WAQORVPkZF3Pq9IppkcT72GKnWjNf5W8=
golang.org/x/exp v0.0.0-20230111222715-75897c7a292a/go.mod h1:CxIveKay+FTh1D0yPZemJVgC/95VzuuOLq5Qi4xnoYc=
golang.org/x/text v0.6.0 h1:3XmdazWV+ubf7QgHSTWeykHOci5oeekaGJBLkrkaw4k=
golang.org/x/text v0.6.0/go.mod h1:mrYo+phRRbMaCq/xk9113O4dZlRixOauAjOtrjsXDZ8=
golang.org/x/text v0.15.0 h1:h1V/4gjBv8v9cjcR6+AR5+/cIYK5N/WAgiv4xlsEtAk=
golang.org/x/text v0.15.0/go.mod h1:18ZOQIKpY8NJVqYksKHtTdi31H5itFRjB5/qKTNYzSU=
